// !$*UTF8*$!
{
	archiveVersion = 1;
	classes = {
	};
	objectVersion = 46;
	objects = {

/* Begin PBXBuildFile section */
		7E69DEF11CB04FE400258184 /* LocationsView.swift in Sources */ = {isa = PBXBuildFile; fileRef = 7E69DEF01CB04FE400258184 /* LocationsView.swift */; };
		7EC028FA1CAC81FB00D03859 /* AppDelegate.swift in Sources */ = {isa = PBXBuildFile; fileRef = 7EC028F91CAC81FB00D03859 /* AppDelegate.swift */; };
		7EC028FC1CAC81FB00D03859 /* ViewController.swift in Sources */ = {isa = PBXBuildFile; fileRef = 7EC028FB1CAC81FB00D03859 /* ViewController.swift */; };
		7EC028FF1CAC81FB00D03859 /* Main.storyboard in Resources */ = {isa = PBXBuildFile; fileRef = 7EC028FD1CAC81FB00D03859 /* Main.storyboard */; };
		7EC029011CAC81FB00D03859 /* Assets.xcassets in Resources */ = {isa = PBXBuildFile; fileRef = 7EC029001CAC81FB00D03859 /* Assets.xcassets */; };
		7EC029041CAC81FB00D03859 /* LaunchScreen.storyboard in Resources */ = {isa = PBXBuildFile; fileRef = 7EC029021CAC81FB00D03859 /* LaunchScreen.storyboard */; };
		7EC0290C1CAC888700D03859 /* DataModel.swift in Sources */ = {isa = PBXBuildFile; fileRef = 7EC0290B1CAC888700D03859 /* DataModel.swift */; };
		7EC0290E1CAC8C0200D03859 /* Toilets.json in Resources */ = {isa = PBXBuildFile; fileRef = 7EC0290D1CAC8C0200D03859 /* Toilets.json */; };
		7EC029101CAC8C3700D03859 /* Toilet.swift in Sources */ = {isa = PBXBuildFile; fileRef = 7EC0290F1CAC8C3700D03859 /* Toilet.swift */; };
		EA4F7E52DB81BD1B364DC546 /* Pods.framework in Frameworks */ = {isa = PBXBuildFile; fileRef = AFA6CE5C32EEE88685EC9E79 /* Pods.framework */; };
/* End PBXBuildFile section */

/* Begin PBXFileReference section */
		4DF56A981083FE077E813DE2 /* Pods.release.xcconfig */ = {isa = PBXFileReference; includeInIndex = 1; lastKnownFileType = text.xcconfig; name = Pods.release.xcconfig; path = "Pods/Target Support Files/Pods/Pods.release.xcconfig"; sourceTree = "<group>"; };
		627246EFD08ECE66FC7AE1C8 /* Pods.debug.xcconfig */ = {isa = PBXFileReference; includeInIndex = 1; lastKnownFileType = text.xcconfig; name = Pods.debug.xcconfig; path = "Pods/Target Support Files/Pods/Pods.debug.xcconfig"; sourceTree = "<group>"; };
		7E69DEF01CB04FE400258184 /* LocationsView.swift */ = {isa = PBXFileReference; fileEncoding = 4; lastKnownFileType = sourcecode.swift; path = LocationsView.swift; sourceTree = "<group>"; };
		7EC028F61CAC81FB00D03859 /* GooMovieMap.app */ = {isa = PBXFileReference; explicitFileType = wrapper.application; includeInIndex = 0; path = GooMovieMap.app; sourceTree = BUILT_PRODUCTS_DIR; };
		7EC028F91CAC81FB00D03859 /* AppDelegate.swift */ = {isa = PBXFileReference; lastKnownFileType = sourcecode.swift; path = AppDelegate.swift; sourceTree = "<group>"; };
		7EC028FB1CAC81FB00D03859 /* ViewController.swift */ = {isa = PBXFileReference; lastKnownFileType = sourcecode.swift; path = ViewController.swift; sourceTree = "<group>"; };
		7EC028FE1CAC81FB00D03859 /* Base */ = {isa = PBXFileReference; lastKnownFileType = file.storyboard; name = Base; path = Base.lproj/Main.storyboard; sourceTree = "<group>"; };
		7EC029001CAC81FB00D03859 /* Assets.xcassets */ = {isa = PBXFileReference; lastKnownFileType = folder.assetcatalog; path = Assets.xcassets; sourceTree = "<group>"; };
		7EC029031CAC81FB00D03859 /* Base */ = {isa = PBXFileReference; lastKnownFileType = file.storyboard; name = Base; path = Base.lproj/LaunchScreen.storyboard; sourceTree = "<group>"; };
		7EC029051CAC81FB00D03859 /* Info.plist */ = {isa = PBXFileReference; lastKnownFileType = text.plist.xml; path = Info.plist; sourceTree = "<group>"; };
		7EC0290B1CAC888700D03859 /* DataModel.swift */ = {isa = PBXFileReference; fileEncoding = 4; lastKnownFileType = sourcecode.swift; path = DataModel.swift; sourceTree = "<group>"; };
		7EC0290D1CAC8C0200D03859 /* Toilets.json */ = {isa = PBXFileReference; fileEncoding = 4; lastKnownFileType = text.json; name = Toilets.json; path = LocalData/Toilets.json; sourceTree = "<group>"; };
		7EC0290F1CAC8C3700D03859 /* Toilet.swift */ = {isa = PBXFileReference; fileEncoding = 4; lastKnownFileType = sourcecode.swift; path = Toilet.swift; sourceTree = "<group>"; };
		AFA6CE5C32EEE88685EC9E79 /* Pods.framework */ = {isa = PBXFileReference; explicitFileType = wrapper.framework; includeInIndex = 0; path = Pods.framework; sourceTree = BUILT_PRODUCTS_DIR; };
/* End PBXFileReference section */

/* Begin PBXFrameworksBuildPhase section */
		7EC028F31CAC81FB00D03859 /* Frameworks */ = {
			isa = PBXFrameworksBuildPhase;
			buildActionMask = 2147483647;
			files = (
				EA4F7E52DB81BD1B364DC546 /* Pods.framework in Frameworks */,
			);
			runOnlyForDeploymentPostprocessing = 0;
		};
/* End PBXFrameworksBuildPhase section */

/* Begin PBXGroup section */
		4C724BA24482E4CD81D01B4D /* Frameworks */ = {
			isa = PBXGroup;
			children = (
				AFA6CE5C32EEE88685EC9E79 /* Pods.framework */,
			);
			name = Frameworks;
			sourceTree = "<group>";
		};
		6AB33FF79915BA55D831EF85 /* Pods */ = {
			isa = PBXGroup;
			children = (
				627246EFD08ECE66FC7AE1C8 /* Pods.debug.xcconfig */,
				4DF56A981083FE077E813DE2 /* Pods.release.xcconfig */,
			);
			name = Pods;
			sourceTree = "<group>";
		};
		7EC028ED1CAC81FB00D03859 = {
			isa = PBXGroup;
			children = (
				7EC028F81CAC81FB00D03859 /* GooMovieMap */,
				7EC028F71CAC81FB00D03859 /* Products */,
				6AB33FF79915BA55D831EF85 /* Pods */,
				4C724BA24482E4CD81D01B4D /* Frameworks */,
			);
			sourceTree = "<group>";
		};
		7EC028F71CAC81FB00D03859 /* Products */ = {
			isa = PBXGroup;
			children = (
				7EC028F61CAC81FB00D03859 /* GooMovieMap.app */,
			);
			name = Products;
			sourceTree = "<group>";
		};
		7EC028F81CAC81FB00D03859 /* GooMovieMap */ = {
			isa = PBXGroup;
			children = (
				7EC0290D1CAC8C0200D03859 /* Toilets.json */,
				7EC028F91CAC81FB00D03859 /* AppDelegate.swift */,
				7EC028FB1CAC81FB00D03859 /* ViewController.swift */,
				7EC028FD1CAC81FB00D03859 /* Main.storyboard */,
				7EC029001CAC81FB00D03859 /* Assets.xcassets */,
				7EC029021CAC81FB00D03859 /* LaunchScreen.storyboard */,
				7EC029051CAC81FB00D03859 /* Info.plist */,
				7EC0290B1CAC888700D03859 /* DataModel.swift */,
				7EC0290F1CAC8C3700D03859 /* Toilet.swift */,
				7E69DEF01CB04FE400258184 /* LocationsView.swift */,
			);
			path = GooMovieMap;
			sourceTree = "<group>";
		};
/* End PBXGroup section */

/* Begin PBXNativeTarget section */
		7EC028F51CAC81FB00D03859 /* GooMovieMap */ = {
			isa = PBXNativeTarget;
			buildConfigurationList = 7EC029081CAC81FB00D03859 /* Build configuration list for PBXNativeTarget "GooMovieMap" */;
			buildPhases = (
				D3C0362CB2BB37F9D3401FF2 /* Check Pods Manifest.lock */,
				7EC028F21CAC81FB00D03859 /* Sources */,
				7EC028F31CAC81FB00D03859 /* Frameworks */,
				7EC028F41CAC81FB00D03859 /* Resources */,
				7D90DB5AE5008F63F743E22D /* Embed Pods Frameworks */,
				C13CE41A55D51F2CEB0458B0 /* Copy Pods Resources */,
			);
			buildRules = (
			);
			dependencies = (
			);
			name = GooMovieMap;
			productName = GooMovieMap;
			productReference = 7EC028F61CAC81FB00D03859 /* GooMovieMap.app */;
			productType = "com.apple.product-type.application";
		};
/* End PBXNativeTarget section */

/* Begin PBXProject section */
		7EC028EE1CAC81FB00D03859 /* Project object */ = {
			isa = PBXProject;
			attributes = {
				LastSwiftUpdateCheck = 0720;
				LastUpgradeCheck = 0720;
				ORGANIZATIONNAME = Hawk;
				TargetAttributes = {
					7EC028F51CAC81FB00D03859 = {
						CreatedOnToolsVersion = 7.2.1;
					};
				};
			};
			buildConfigurationList = 7EC028F11CAC81FB00D03859 /* Build configuration list for PBXProject "GooMovieMap" */;
			compatibilityVersion = "Xcode 3.2";
			developmentRegion = English;
			hasScannedForEncodings = 0;
			knownRegions = (
				en,
				Base,
			);
			mainGroup = 7EC028ED1CAC81FB00D03859;
			productRefGroup = 7EC028F71CAC81FB00D03859 /* Products */;
			projectDirPath = "";
			projectRoot = "";
			targets = (
				7EC028F51CAC81FB00D03859 /* GooMovieMap */,
			);
		};
/* End PBXProject section */

/* Begin PBXResourcesBuildPhase section */
		7EC028F41CAC81FB00D03859 /* Resources */ = {
			isa = PBXResourcesBuildPhase;
			buildActionMask = 2147483647;
			files = (
				7EC0290E1CAC8C0200D03859 /* Toilets.json in Resources */,
				7EC029041CAC81FB00D03859 /* LaunchScreen.storyboard in Resources */,
				7EC029011CAC81FB00D03859 /* Assets.xcassets in Resources */,
				7EC028FF1CAC81FB00D03859 /* Main.storyboard in Resources */,
			);
			runOnlyForDeploymentPostprocessing = 0;
		};
/* End PBXResourcesBuildPhase section */

/* Begin PBXShellScriptBuildPhase section */
		7D90DB5AE5008F63F743E22D /* Embed Pods Frameworks */ = {
			isa = PBXShellScriptBuildPhase;
			buildActionMask = 2147483647;
			files = (
			);
			inputPaths = (
			);
			name = "Embed Pods Frameworks";
			outputPaths = (
			);
			runOnlyForDeploymentPostprocessing = 0;
			shellPath = /bin/sh;
			shellScript = "\"${SRCROOT}/Pods/Target Support Files/Pods/Pods-frameworks.sh\"\n";
			showEnvVarsInLog = 0;
		};
		C13CE41A55D51F2CEB0458B0 /* Copy Pods Resources */ = {
			isa = PBXShellScriptBuildPhase;
			buildActionMask = 2147483647;
			files = (
			);
			inputPaths = (
			);
			name = "Copy Pods Resources";
			outputPaths = (
			);
			runOnlyForDeploymentPostprocessing = 0;
			shellPath = /bin/sh;
			shellScript = "\"${SRCROOT}/Pods/Target Support Files/Pods/Pods-resources.sh\"\n";
			showEnvVarsInLog = 0;
		};
		D3C0362CB2BB37F9D3401FF2 /* Check Pods Manifest.lock */ = {
			isa = PBXShellScriptBuildPhase;
			buildActionMask = 2147483647;
			files = (
			);
			inputPaths = (
			);
			name = "Check Pods Manifest.lock";
			outputPaths = (
			);
			runOnlyForDeploymentPostprocessing = 0;
			shellPath = /bin/sh;
			shellScript = "diff \"${PODS_ROOT}/../Podfile.lock\" \"${PODS_ROOT}/Manifest.lock\" > /dev/null\nif [[ $? != 0 ]] ; then\n    cat << EOM\nerror: The sandbox is not in sync with the Podfile.lock. Run 'pod install' or update your CocoaPods installation.\nEOM\n    exit 1\nfi\n";
			showEnvVarsInLog = 0;
		};
/* End PBXShellScriptBuildPhase section */

/* Begin PBXSourcesBuildPhase section */
		7EC028F21CAC81FB00D03859 /* Sources */ = {
			isa = PBXSourcesBuildPhase;
			buildActionMask = 2147483647;
			files = (
				7EC029101CAC8C3700D03859 /* Toilet.swift in Sources */,
				7EC028FC1CAC81FB00D03859 /* ViewController.swift in Sources */,
				7E69DEF11CB04FE400258184 /* LocationsView.swift in Sources */,
				7EC028FA1CAC81FB00D03859 /* AppDelegate.swift in Sources */,
				7EC0290C1CAC888700D03859 /* DataModel.swift in Sources */,
			);
			runOnlyForDeploymentPostprocessing = 0;
		};
/* End PBXSourcesBuildPhase section */

/* Begin PBXVariantGroup section */
		7EC028FD1CAC81FB00D03859 /* Main.storyboard */ = {
			isa = PBXVariantGroup;
			children = (
				7EC028FE1CAC81FB00D03859 /* Base */,
			);
			name = Main.storyboard;
			sourceTree = "<group>";
		};
		7EC029021CAC81FB00D03859 /* LaunchScreen.storyboard */ = {
			isa = PBXVariantGroup;
			children = (
				7EC029031CAC81FB00D03859 /* Base */,
			);
			name = LaunchScreen.storyboard;
			sourceTree = "<group>";
		};
/* End PBXVariantGroup section */

/* Begin XCBuildConfiguration section */
		7EC029061CAC81FB00D03859 /* Debug */ = {
			isa = XCBuildConfiguration;
			buildSettings = {
				ALWAYS_SEARCH_USER_PATHS = NO;
				CLANG_CXX_LANGUAGE_STANDARD = "gnu++0x";
				CLANG_CXX_LIBRARY = "libc++";
				CLANG_ENABLE_MODULES = YES;
				CLANG_ENABLE_OBJC_ARC = YES;
				CLANG_WARN_BOOL_CONVERSION = YES;
				CLANG_WARN_CONSTANT_CONVERSION = YES;
				CLANG_WARN_DIRECT_OBJC_ISA_USAGE = YES_ERROR;
				CLANG_WARN_EMPTY_BODY = YES;
				CLANG_WARN_ENUM_CONVERSION = YES;
				CLANG_WARN_INT_CONVERSION = YES;
				CLANG_WARN_OBJC_ROOT_CLASS = YES_ERROR;
				CLANG_WARN_UNREACHABLE_CODE = YES;
				CLANG_WARN__DUPLICATE_METHOD_MATCH = YES;
				"CODE_SIGN_IDENTITY[sdk=iphoneos*]" = "iPhone Developer";
				COPY_PHASE_STRIP = NO;
				DEBUG_INFORMATION_FORMAT = dwarf;
				ENABLE_STRICT_OBJC_MSGSEND = YES;
				ENABLE_TESTABILITY = YES;
				GCC_C_LANGUAGE_STANDARD = gnu99;
				GCC_DYNAMIC_NO_PIC = NO;
				GCC_NO_COMMON_BLOCKS = YES;
				GCC_OPTIMIZATION_LEVEL = 0;
				GCC_PREPROCESSOR_DEFINITIONS = (
					"DEBUG=1",
					"$(inherited)",
				);
				GCC_WARN_64_TO_32_BIT_CONVERSION = YES;
				GCC_WARN_ABOUT_RETURN_TYPE = YES_ERROR;
				GCC_WARN_UNDECLARED_SELECTOR = YES;
				GCC_WARN_UNINITIALIZED_AUTOS = YES_AGGRESSIVE;
				GCC_WARN_UNUSED_FUNCTION = YES;
				GCC_WARN_UNUSED_VARIABLE = YES;
				IPHONEOS_DEPLOYMENT_TARGET = 9.2;
				MTL_ENABLE_DEBUG_INFO = YES;
				ONLY_ACTIVE_ARCH = YES;
				SDKROOT = iphoneos;
				SWIFT_OPTIMIZATION_LEVEL = "-Onone";
				TARGETED_DEVICE_FAMILY = "1,2";
			};
			name = Debug;
		};
		7EC029071CAC81FB00D03859 /* Release */ = {
			isa = XCBuildConfiguration;
			buildSettings = {
				ALWAYS_SEARCH_USER_PATHS = NO;
				CLANG_CXX_LANGUAGE_STANDARD = "gnu++0x";
				CLANG_CXX_LIBRARY = "libc++";
				CLANG_ENABLE_MODULES = YES;
				CLANG_ENABLE_OBJC_ARC = YES;
				CLANG_WARN_BOOL_CONVERSION = YES;
				CLANG_WARN_CONSTANT_CONVERSION = YES;
				CLANG_WARN_DIRECT_OBJC_ISA_USAGE = YES_ERROR;
				CLANG_WARN_EMPTY_BODY = YES;
				CLANG_WARN_ENUM_CONVERSION = YES;
				CLANG_WARN_INT_CONVERSION = YES;
				CLANG_WARN_OBJC_ROOT_CLASS = YES_ERROR;
				CLANG_WARN_UNREACHABLE_CODE = YES;
				CLANG_WARN__DUPLICATE_METHOD_MATCH = YES;
				"CODE_SIGN_IDENTITY[sdk=iphoneos*]" = "iPhone Developer";
				COPY_PHASE_STRIP = NO;
				DEBUG_INFORMATION_FORMAT = "dwarf-with-dsym";
				ENABLE_NS_ASSERTIONS = NO;
				ENABLE_STRICT_OBJC_MSGSEND = YES;
				GCC_C_LANGUAGE_STANDARD = gnu99;
				GCC_NO_COMMON_BLOCKS = YES;
				GCC_WARN_64_TO_32_BIT_CONVERSION = YES;
				GCC_WARN_ABOUT_RETURN_TYPE = YES_ERROR;
				GCC_WARN_UNDECLARED_SELECTOR = YES;
				GCC_WARN_UNINITIALIZED_AUTOS = YES_AGGRESSIVE;
				GCC_WARN_UNUSED_FUNCTION = YES;
				GCC_WARN_UNUSED_VARIABLE = YES;
				IPHONEOS_DEPLOYMENT_TARGET = 9.2;
				MTL_ENABLE_DEBUG_INFO = NO;
				SDKROOT = iphoneos;
				TARGETED_DEVICE_FAMILY = "1,2";
				VALIDATE_PRODUCT = YES;
			};
			name = Release;
		};
		7EC029091CAC81FB00D03859 /* Debug */ = {
			isa = XCBuildConfiguration;
			baseConfigurationReference = 627246EFD08ECE66FC7AE1C8 /* Pods.debug.xcconfig */;
			buildSettings = {
				ASSETCATALOG_COMPILER_APPICON_NAME = AppIcon;
				INFOPLIST_FILE = GooMovieMap/Info.plist;
				LD_RUNPATH_SEARCH_PATHS = "$(inherited) @executable_path/Frameworks";
				PRODUCT_BUNDLE_IDENTIFIER = VladSkipper.GooMovieMap;
				PRODUCT_NAME = "$(TARGET_NAME)";
			};
			name = Debug;
		};
		7EC0290A1CAC81FB00D03859 /* Release */ = {
			isa = XCBuildConfiguration;
			baseConfigurationReference = 4DF56A981083FE077E813DE2 /* Pods.release.xcconfig */;
			buildSettings = {
				ASSETCATALOG_COMPILER_APPICON_NAME = AppIcon;
				INFOPLIST_FILE = GooMovieMap/Info.plist;
				LD_RUNPATH_SEARCH_PATHS = "$(inherited) @executable_path/Frameworks";
				PRODUCT_BUNDLE_IDENTIFIER = VladSkipper.GooMovieMap;
				PRODUCT_NAME = "$(TARGET_NAME)";
			};
			name = Release;
		};
/* End XCBuildConfiguration section */

/* Begin XCConfigurationList section */
		7EC028F11CAC81FB00D03859 /* Build configuration list for PBXProject "GooMovieMap" */ = {
			isa = XCConfigurationList;
			buildConfigurations = (
				7EC029061CAC81FB00D03859 /* Debug */,
				7EC029071CAC81FB00D03859 /* Release */,
			);
			defaultConfigurationIsVisible = 0;
			defaultConfigurationName = Release;
		};
		7EC029081CAC81FB00D03859 /* Build configuration list for PBXNativeTarget "GooMovieMap" */ = {
			isa = XCConfigurationList;
			buildConfigurations = (
				7EC029091CAC81FB00D03859 /* Debug */,
				7EC0290A1CAC81FB00D03859 /* Release */,
			);
			defaultConfigurationIsVisible = 0;
			defaultConfigurationName = Release;
		};
/* End XCConfigurationList section */
	};
	rootObject = 7EC028EE1CAC81FB00D03859 /* Project object */;
}
